{
  "name": "pong",
  "version": "1.0.0",
  "lockfileVersion": 2,
  "requires": true,
  "packages": {
    "": {
      "name": "pong",
      "version": "1.0.0",
      "license": "ISC",
      "dependencies": {
        "pocketbase": "^0.7.4"
      },
      "devDependencies": {
        "typescript": "^4.8.4"
      }
    },
    "node_modules/pocketbase": {
      "version": "0.7.4",
      "resolved": "https://registry.npmjs.org/pocketbase/-/pocketbase-0.7.4.tgz",
      "integrity": "sha512-PvBRi4hbgbiBwDjhHa9lGD/ala8dSTjKeNAsHAgsXdIo4v9RgCk2s3Zqd/4UXVBgTJHVM6F7fGOZPvvJfSNVLQ=="
    },
    "node_modules/typescript": {
      "version": "4.8.4",
      "resolved": "https://registry.npmjs.org/typescript/-/typescript-4.8.4.tgz",
      "integrity": "sha512-QCh+85mCy+h0IGff8r5XWzOVSbBO+KfeYrMQh7NJ58QujwcE22u+NUSmUxqF+un70P9GXKxa2HCNiTTMJknyjQ==",
      "dev": true,
      "bin": {
        "tsc": "bin/tsc",
        "tsserver": "bin/tsserver"
      },
      "engines": {
        "node": ">=4.2.0"
      }
    }
  },
  "dependencies": {
    "pocketbase": {
      "version": "0.7.4",
      "resolved": "https://registry.npmjs.org/pocketbase/-/pocketbase-0.7.4.tgz",
      "integrity": "sha512-PvBRi4hbgbiBwDjhHa9lGD/ala8dSTjKeNAsHAgsXdIo4v9RgCk2s3Zqd/4UXVBgTJHVM6F7fGOZPvvJfSNVLQ=="
    },
    "typescript": {
      "version": "4.8.4",
      "resolved": "https://registry.npmjs.org/typescript/-/typescript-4.8.4.tgz",
      "integrity": "sha512-QCh+85mCy+h0IGff8r5XWzOVSbBO+KfeYrMQh7NJ58QujwcE22u+NUSmUxqF+un70P9GXKxa2HCNiTTMJknyjQ==",
      "dev": true
    }
  }
}
