{
  "name": "pong",
  "version": "1.0.0",
  "lockfileVersion": 2,
  "requires": true,
  "packages": {
    "": {
      "name": "pong",
      "version": "1.0.0",
      "license": "ISC",
      "dependencies": {
        "pocketbase": "^0.7.4"
      }
    },
    "node_modules/pocketbase": {
      "version": "0.7.4",
      "resolved": "https://registry.npmjs.org/pocketbase/-/pocketbase-0.7.4.tgz",
      "integrity": "sha512-PvBRi4hbgbiBwDjhHa9lGD/ala8dSTjKeNAsHAgsXdIo4v9RgCk2s3Zqd/4UXVBgTJHVM6F7fGOZPvvJfSNVLQ=="
    }
  },
  "dependencies": {
    "pocketbase": {
      "version": "0.7.4",
      "resolved": "https://registry.npmjs.org/pocketbase/-/pocketbase-0.7.4.tgz",
      "integrity": "sha512-PvBRi4hbgbiBwDjhHa9lGD/ala8dSTjKeNAsHAgsXdIo4v9RgCk2s3Zqd/4UXVBgTJHVM6F7fGOZPvvJfSNVLQ=="
    }
  }
}
